// !$*UTF8*$!
{
	archiveVersion = 1;
	classes = {
	};
	objectVersion = 46;
	objects = {

/* Begin PBXBuildFile section */
		57E5EC6AB517EA04699B25FC /* libPods-DairyAnalytics.a in Frameworks */ = {isa = PBXBuildFile; fileRef = 6359DC946130934DF8F39395 /* libPods-DairyAnalytics.a */; };
		7EC321B933355E4A8A46A78C /* libPods-DairyAnalyticsTests.a in Frameworks */ = {isa = PBXBuildFile; fileRef = 902E6009E701CEF7B62FA9B3 /* libPods-DairyAnalyticsTests.a */; };
		7F61E8EEFA38DC8997E6AF70 /* libPods-DairyAnalyticsUITests.a in Frameworks */ = {isa = PBXBuildFile; fileRef = E7B08B4F35A77B45566D1779 /* libPods-DairyAnalyticsUITests.a */; };
		DE10B54E1F4387EE00986059 /* main.m in Sources */ = {isa = PBXBuildFile; fileRef = DE10B54D1F4387EE00986059 /* main.m */; };
		DE10B5511F4387EE00986059 /* AppDelegate.m in Sources */ = {isa = PBXBuildFile; fileRef = DE10B5501F4387EE00986059 /* AppDelegate.m */; };
		DE10B5541F4387EE00986059 /* ViewController.m in Sources */ = {isa = PBXBuildFile; fileRef = DE10B5531F4387EE00986059 /* ViewController.m */; };
		DE10B5571F4387EE00986059 /* Main.storyboard in Resources */ = {isa = PBXBuildFile; fileRef = DE10B5551F4387EE00986059 /* Main.storyboard */; };
		DE10B5591F4387EE00986059 /* Assets.xcassets in Resources */ = {isa = PBXBuildFile; fileRef = DE10B5581F4387EE00986059 /* Assets.xcassets */; };
		DE10B55C1F4387EE00986059 /* LaunchScreen.storyboard in Resources */ = {isa = PBXBuildFile; fileRef = DE10B55A1F4387EE00986059 /* LaunchScreen.storyboard */; };
		DE10B5671F4387EE00986059 /* DairyAnalyticsTests.m in Sources */ = {isa = PBXBuildFile; fileRef = DE10B5661F4387EE00986059 /* DairyAnalyticsTests.m */; };
		DE10B5721F4387EE00986059 /* DairyAnalyticsUITests.m in Sources */ = {isa = PBXBuildFile; fileRef = DE10B5711F4387EE00986059 /* DairyAnalyticsUITests.m */; };
		DEC8D70C1F4BC545000F87DE /* Charts.framework in Frameworks */ = {isa = PBXBuildFile; fileRef = DEC8D7091F4BC517000F87DE /* Charts.framework */; };
		DEC8D70E1F4BC55F000F87DE /* Charts.framework in Embed Frameworks */ = {isa = PBXBuildFile; fileRef = DEC8D7091F4BC517000F87DE /* Charts.framework */; settings = {ATTRIBUTES = (CodeSignOnCopy, RemoveHeadersOnCopy, ); }; };
		DEC8D7141F4BC5D2000F87DE /* SensorBarChartViewController.m in Sources */ = {isa = PBXBuildFile; fileRef = DEC8D7131F4BC5D2000F87DE /* SensorBarChartViewController.m */; };
		DEC8D71A1F4CD6D7000F87DE /* chart_line (1).png in Resources */ = {isa = PBXBuildFile; fileRef = DEC8D7191F4CD6D7000F87DE /* chart_line (1).png */; };
		DEEF09261F438E8600019B44 /* sensorDataModel.m in Sources */ = {isa = PBXBuildFile; fileRef = DEEF09251F438E8600019B44 /* sensorDataModel.m */; };
		DEEF092A1F438F7200019B44 /* SensorWebServices.m in Sources */ = {isa = PBXBuildFile; fileRef = DEEF09291F438F7200019B44 /* SensorWebServices.m */; };
/* End PBXBuildFile section */

/* Begin PBXContainerItemProxy section */
		DE10B5631F4387EE00986059 /* PBXContainerItemProxy */ = {
			isa = PBXContainerItemProxy;
			containerPortal = DE10B5411F4387EE00986059 /* Project object */;
			proxyType = 1;
			remoteGlobalIDString = DE10B5481F4387EE00986059;
			remoteInfo = DairyAnalytics;
		};
		DE10B56E1F4387EE00986059 /* PBXContainerItemProxy */ = {
			isa = PBXContainerItemProxy;
			containerPortal = DE10B5411F4387EE00986059 /* Project object */;
			proxyType = 1;
			remoteGlobalIDString = DE10B5481F4387EE00986059;
			remoteInfo = DairyAnalytics;
		};
		DEC8D7081F4BC517000F87DE /* PBXContainerItemProxy */ = {
			isa = PBXContainerItemProxy;
			containerPortal = DEC8D6FB1F4BC512000F87DE /* Charts.xcodeproj */;
			proxyType = 2;
			remoteGlobalIDString = 06165F241D8110E600722320;
			remoteInfo = Charts;
		};
		DEC8D70A1F4BC517000F87DE /* PBXContainerItemProxy */ = {
			isa = PBXContainerItemProxy;
			containerPortal = DEC8D6FB1F4BC512000F87DE /* Charts.xcodeproj */;
			proxyType = 2;
			remoteGlobalIDString = 06165F2E1D8110E600722320;
			remoteInfo = ChartsTests;
		};
		DEC8D70F1F4BC55F000F87DE /* PBXContainerItemProxy */ = {
			isa = PBXContainerItemProxy;
			containerPortal = DEC8D6FB1F4BC512000F87DE /* Charts.xcodeproj */;
			proxyType = 1;
			remoteGlobalIDString = 06165F231D8110E600722320;
			remoteInfo = Charts;
		};
/* End PBXContainerItemProxy section */

/* Begin PBXCopyFilesBuildPhase section */
		DEC8D7111F4BC55F000F87DE /* Embed Frameworks */ = {
			isa = PBXCopyFilesBuildPhase;
			buildActionMask = 2147483647;
			dstPath = "";
			dstSubfolderSpec = 10;
			files = (
				DEC8D70E1F4BC55F000F87DE /* Charts.framework in Embed Frameworks */,
			);
			name = "Embed Frameworks";
			runOnlyForDeploymentPostprocessing = 0;
		};
/* End PBXCopyFilesBuildPhase section */

/* Begin PBXFileReference section */
		3F8293B34CFFAA5F8A4EB36D /* Pods-DairyAnalytics.release.xcconfig */ = {isa = PBXFileReference; includeInIndex = 1; lastKnownFileType = text.xcconfig; name = "Pods-DairyAnalytics.release.xcconfig"; path = "Pods/Target Support Files/Pods-DairyAnalytics/Pods-DairyAnalytics.release.xcconfig"; sourceTree = "<group>"; };
		56C123C3AFC9CFA0BEDDFBF7 /* Pods-DairyAnalyticsUITests.release.xcconfig */ = {isa = PBXFileReference; includeInIndex = 1; lastKnownFileType = text.xcconfig; name = "Pods-DairyAnalyticsUITests.release.xcconfig"; path = "Pods/Target Support Files/Pods-DairyAnalyticsUITests/Pods-DairyAnalyticsUITests.release.xcconfig"; sourceTree = "<group>"; };
		6359DC946130934DF8F39395 /* libPods-DairyAnalytics.a */ = {isa = PBXFileReference; explicitFileType = archive.ar; includeInIndex = 0; path = "libPods-DairyAnalytics.a"; sourceTree = BUILT_PRODUCTS_DIR; };
		902E6009E701CEF7B62FA9B3 /* libPods-DairyAnalyticsTests.a */ = {isa = PBXFileReference; explicitFileType = archive.ar; includeInIndex = 0; path = "libPods-DairyAnalyticsTests.a"; sourceTree = BUILT_PRODUCTS_DIR; };
		ACF3FE59A26755F67449E9A2 /* Pods-DairyAnalyticsTests.release.xcconfig */ = {isa = PBXFileReference; includeInIndex = 1; lastKnownFileType = text.xcconfig; name = "Pods-DairyAnalyticsTests.release.xcconfig"; path = "Pods/Target Support Files/Pods-DairyAnalyticsTests/Pods-DairyAnalyticsTests.release.xcconfig"; sourceTree = "<group>"; };
		DE10B5491F4387EE00986059 /* DairyAnalytics.app */ = {isa = PBXFileReference; explicitFileType = wrapper.application; includeInIndex = 0; path = DairyAnalytics.app; sourceTree = BUILT_PRODUCTS_DIR; };
		DE10B54D1F4387EE00986059 /* main.m */ = {isa = PBXFileReference; lastKnownFileType = sourcecode.c.objc; path = main.m; sourceTree = "<group>"; };
		DE10B54F1F4387EE00986059 /* AppDelegate.h */ = {isa = PBXFileReference; lastKnownFileType = sourcecode.c.h; path = AppDelegate.h; sourceTree = "<group>"; };
		DE10B5501F4387EE00986059 /* AppDelegate.m */ = {isa = PBXFileReference; lastKnownFileType = sourcecode.c.objc; path = AppDelegate.m; sourceTree = "<group>"; };
		DE10B5521F4387EE00986059 /* ViewController.h */ = {isa = PBXFileReference; lastKnownFileType = sourcecode.c.h; path = ViewController.h; sourceTree = "<group>"; };
		DE10B5531F4387EE00986059 /* ViewController.m */ = {isa = PBXFileReference; lastKnownFileType = sourcecode.c.objc; path = ViewController.m; sourceTree = "<group>"; };
		DE10B5561F4387EE00986059 /* Base */ = {isa = PBXFileReference; lastKnownFileType = file.storyboard; name = Base; path = Base.lproj/Main.storyboard; sourceTree = "<group>"; };
		DE10B5581F4387EE00986059 /* Assets.xcassets */ = {isa = PBXFileReference; lastKnownFileType = folder.assetcatalog; path = Assets.xcassets; sourceTree = "<group>"; };
		DE10B55B1F4387EE00986059 /* Base */ = {isa = PBXFileReference; lastKnownFileType = file.storyboard; name = Base; path = Base.lproj/LaunchScreen.storyboard; sourceTree = "<group>"; };
		DE10B55D1F4387EE00986059 /* Info.plist */ = {isa = PBXFileReference; lastKnownFileType = text.plist.xml; path = Info.plist; sourceTree = "<group>"; };
		DE10B5621F4387EE00986059 /* DairyAnalyticsTests.xctest */ = {isa = PBXFileReference; explicitFileType = wrapper.cfbundle; includeInIndex = 0; path = DairyAnalyticsTests.xctest; sourceTree = BUILT_PRODUCTS_DIR; };
		DE10B5661F4387EE00986059 /* DairyAnalyticsTests.m */ = {isa = PBXFileReference; lastKnownFileType = sourcecode.c.objc; path = DairyAnalyticsTests.m; sourceTree = "<group>"; };
		DE10B5681F4387EE00986059 /* Info.plist */ = {isa = PBXFileReference; lastKnownFileType = text.plist.xml; path = Info.plist; sourceTree = "<group>"; };
		DE10B56D1F4387EE00986059 /* DairyAnalyticsUITests.xctest */ = {isa = PBXFileReference; explicitFileType = wrapper.cfbundle; includeInIndex = 0; path = DairyAnalyticsUITests.xctest; sourceTree = BUILT_PRODUCTS_DIR; };
		DE10B5711F4387EE00986059 /* DairyAnalyticsUITests.m */ = {isa = PBXFileReference; lastKnownFileType = sourcecode.c.objc; path = DairyAnalyticsUITests.m; sourceTree = "<group>"; };
		DE10B5731F4387EE00986059 /* Info.plist */ = {isa = PBXFileReference; lastKnownFileType = text.plist.xml; path = Info.plist; sourceTree = "<group>"; };
		DEC8D6FB1F4BC512000F87DE /* Charts.xcodeproj */ = {isa = PBXFileReference; lastKnownFileType = "wrapper.pb-project"; name = Charts.xcodeproj; path = "../../Downloads/Charts-master/Charts.xcodeproj"; sourceTree = "<group>"; };
		DEC8D7121F4BC5D2000F87DE /* SensorBarChartViewController.h */ = {isa = PBXFileReference; fileEncoding = 4; lastKnownFileType = sourcecode.c.h; path = SensorBarChartViewController.h; sourceTree = "<group>"; };
		DEC8D7131F4BC5D2000F87DE /* SensorBarChartViewController.m */ = {isa = PBXFileReference; fileEncoding = 4; lastKnownFileType = sourcecode.c.objc; path = SensorBarChartViewController.m; sourceTree = "<group>"; };
		DEC8D7191F4CD6D7000F87DE /* chart_line (1).png */ = {isa = PBXFileReference; lastKnownFileType = image.png; name = "chart_line (1).png"; path = "../../chart_line (1).png"; sourceTree = "<group>"; };
		DEEF09241F438E8600019B44 /* sensorDataModel.h */ = {isa = PBXFileReference; fileEncoding = 4; lastKnownFileType = sourcecode.c.h; path = sensorDataModel.h; sourceTree = "<group>"; };
		DEEF09251F438E8600019B44 /* sensorDataModel.m */ = {isa = PBXFileReference; fileEncoding = 4; lastKnownFileType = sourcecode.c.objc; path = sensorDataModel.m; sourceTree = "<group>"; };
		DEEF09271F438ECD00019B44 /* SensorDefines.h */ = {isa = PBXFileReference; lastKnownFileType = sourcecode.c.h; path = SensorDefines.h; sourceTree = "<group>"; };
		DEEF09281F438F7200019B44 /* SensorWebServices.h */ = {isa = PBXFileReference; fileEncoding = 4; lastKnownFileType = sourcecode.c.h; path = SensorWebServices.h; sourceTree = "<group>"; };
		DEEF09291F438F7200019B44 /* SensorWebServices.m */ = {isa = PBXFileReference; fileEncoding = 4; lastKnownFileType = sourcecode.c.objc; path = SensorWebServices.m; sourceTree = "<group>"; };
		E7B08B4F35A77B45566D1779 /* libPods-DairyAnalyticsUITests.a */ = {isa = PBXFileReference; explicitFileType = archive.ar; includeInIndex = 0; path = "libPods-DairyAnalyticsUITests.a"; sourceTree = BUILT_PRODUCTS_DIR; };
		EFB867540C9CBFB212DD295A /* Pods-DairyAnalyticsUITests.debug.xcconfig */ = {isa = PBXFileReference; includeInIndex = 1; lastKnownFileType = text.xcconfig; name = "Pods-DairyAnalyticsUITests.debug.xcconfig"; path = "Pods/Target Support Files/Pods-DairyAnalyticsUITests/Pods-DairyAnalyticsUITests.debug.xcconfig"; sourceTree = "<group>"; };
		F555DAE8548BE70C941D3C84 /* Pods-DairyAnalytics.debug.xcconfig */ = {isa = PBXFileReference; includeInIndex = 1; lastKnownFileType = text.xcconfig; name = "Pods-DairyAnalytics.debug.xcconfig"; path = "Pods/Target Support Files/Pods-DairyAnalytics/Pods-DairyAnalytics.debug.xcconfig"; sourceTree = "<group>"; };
		FF9B79B4974C0723A7747CDF /* Pods-DairyAnalyticsTests.debug.xcconfig */ = {isa = PBXFileReference; includeInIndex = 1; lastKnownFileType = text.xcconfig; name = "Pods-DairyAnalyticsTests.debug.xcconfig"; path = "Pods/Target Support Files/Pods-DairyAnalyticsTests/Pods-DairyAnalyticsTests.debug.xcconfig"; sourceTree = "<group>"; };
/* End PBXFileReference section */

/* Begin PBXFrameworksBuildPhase section */
		DE10B5461F4387EE00986059 /* Frameworks */ = {
			isa = PBXFrameworksBuildPhase;
			buildActionMask = 2147483647;
			files = (
				DEC8D70C1F4BC545000F87DE /* Charts.framework in Frameworks */,
				57E5EC6AB517EA04699B25FC /* libPods-DairyAnalytics.a in Frameworks */,
			);
			runOnlyForDeploymentPostprocessing = 0;
		};
		DE10B55F1F4387EE00986059 /* Frameworks */ = {
			isa = PBXFrameworksBuildPhase;
			buildActionMask = 2147483647;
			files = (
				7EC321B933355E4A8A46A78C /* libPods-DairyAnalyticsTests.a in Frameworks */,
			);
			runOnlyForDeploymentPostprocessing = 0;
		};
		DE10B56A1F4387EE00986059 /* Frameworks */ = {
			isa = PBXFrameworksBuildPhase;
			buildActionMask = 2147483647;
			files = (
				7F61E8EEFA38DC8997E6AF70 /* libPods-DairyAnalyticsUITests.a in Frameworks */,
			);
			runOnlyForDeploymentPostprocessing = 0;
		};
/* End PBXFrameworksBuildPhase section */

/* Begin PBXGroup section */
		00A3F98678BF8BBA6467757A /* Frameworks */ = {
			isa = PBXGroup;
			children = (
				6359DC946130934DF8F39395 /* libPods-DairyAnalytics.a */,
				902E6009E701CEF7B62FA9B3 /* libPods-DairyAnalyticsTests.a */,
				E7B08B4F35A77B45566D1779 /* libPods-DairyAnalyticsUITests.a */,
			);
			name = Frameworks;
			sourceTree = "<group>";
		};
		A9C701C222B8A1B10146D84E /* Pods */ = {
			isa = PBXGroup;
			children = (
				F555DAE8548BE70C941D3C84 /* Pods-DairyAnalytics.debug.xcconfig */,
				3F8293B34CFFAA5F8A4EB36D /* Pods-DairyAnalytics.release.xcconfig */,
				FF9B79B4974C0723A7747CDF /* Pods-DairyAnalyticsTests.debug.xcconfig */,
				ACF3FE59A26755F67449E9A2 /* Pods-DairyAnalyticsTests.release.xcconfig */,
				EFB867540C9CBFB212DD295A /* Pods-DairyAnalyticsUITests.debug.xcconfig */,
				56C123C3AFC9CFA0BEDDFBF7 /* Pods-DairyAnalyticsUITests.release.xcconfig */,
			);
			name = Pods;
			sourceTree = "<group>";
		};
		DE10B5401F4387EE00986059 = {
			isa = PBXGroup;
			children = (
				DE10B54B1F4387EE00986059 /* DairyAnalytics */,
				DEC8D6FB1F4BC512000F87DE /* Charts.xcodeproj */,
				DE10B5651F4387EE00986059 /* DairyAnalyticsTests */,
				DE10B5701F4387EE00986059 /* DairyAnalyticsUITests */,
				DE10B54A1F4387EE00986059 /* Products */,
				A9C701C222B8A1B10146D84E /* Pods */,
				00A3F98678BF8BBA6467757A /* Frameworks */,
			);
			sourceTree = "<group>";
		};
		DE10B54A1F4387EE00986059 /* Products */ = {
			isa = PBXGroup;
			children = (
				DE10B5491F4387EE00986059 /* DairyAnalytics.app */,
				DE10B5621F4387EE00986059 /* DairyAnalyticsTests.xctest */,
				DE10B56D1F4387EE00986059 /* DairyAnalyticsUITests.xctest */,
			);
			name = Products;
			sourceTree = "<group>";
		};
		DE10B54B1F4387EE00986059 /* DairyAnalytics */ = {
			isa = PBXGroup;
			children = (
				DE10B54F1F4387EE00986059 /* AppDelegate.h */,
				DE10B5501F4387EE00986059 /* AppDelegate.m */,
				DEEF09271F438ECD00019B44 /* SensorDefines.h */,
				DEEF09241F438E8600019B44 /* sensorDataModel.h */,
				DEEF09251F438E8600019B44 /* sensorDataModel.m */,
				DEEF09281F438F7200019B44 /* SensorWebServices.h */,
				DEEF09291F438F7200019B44 /* SensorWebServices.m */,
				DE10B5521F4387EE00986059 /* ViewController.h */,
				DE10B5531F4387EE00986059 /* ViewController.m */,
				DEC8D7121F4BC5D2000F87DE /* SensorBarChartViewController.h */,
				DEC8D7131F4BC5D2000F87DE /* SensorBarChartViewController.m */,
				DE10B5551F4387EE00986059 /* Main.storyboard */,
				DEC8D7191F4CD6D7000F87DE /* chart_line (1).png */,
				DE10B5581F4387EE00986059 /* Assets.xcassets */,
				DE10B55A1F4387EE00986059 /* LaunchScreen.storyboard */,
				DE10B55D1F4387EE00986059 /* Info.plist */,
				DE10B54C1F4387EE00986059 /* Supporting Files */,
			);
			path = DairyAnalytics;
			sourceTree = "<group>";
		};
		DE10B54C1F4387EE00986059 /* Supporting Files */ = {
			isa = PBXGroup;
			children = (
				DE10B54D1F4387EE00986059 /* main.m */,
			);
			name = "Supporting Files";
			sourceTree = "<group>";
		};
		DE10B5651F4387EE00986059 /* DairyAnalyticsTests */ = {
			isa = PBXGroup;
			children = (
				DE10B5661F4387EE00986059 /* DairyAnalyticsTests.m */,
				DE10B5681F4387EE00986059 /* Info.plist */,
			);
			path = DairyAnalyticsTests;
			sourceTree = "<group>";
		};
		DE10B5701F4387EE00986059 /* DairyAnalyticsUITests */ = {
			isa = PBXGroup;
			children = (
				DE10B5711F4387EE00986059 /* DairyAnalyticsUITests.m */,
				DE10B5731F4387EE00986059 /* Info.plist */,
			);
			path = DairyAnalyticsUITests;
			sourceTree = "<group>";
		};
		DEC8D7041F4BC517000F87DE /* Products */ = {
			isa = PBXGroup;
			children = (
				DEC8D7091F4BC517000F87DE /* Charts.framework */,
				DEC8D70B1F4BC517000F87DE /* ChartsTests.xctest */,
			);
			name = Products;
			sourceTree = "<group>";
		};
/* End PBXGroup section */

/* Begin PBXNativeTarget section */
		DE10B5481F4387EE00986059 /* DairyAnalytics */ = {
			isa = PBXNativeTarget;
			buildConfigurationList = DE10B5761F4387EE00986059 /* Build configuration list for PBXNativeTarget "DairyAnalytics" */;
			buildPhases = (
				748CA84D4F2C4E33DDD5A3A2 /* [CP] Check Pods Manifest.lock */,
				DE10B5451F4387EE00986059 /* Sources */,
				DE10B5461F4387EE00986059 /* Frameworks */,
				DE10B5471F4387EE00986059 /* Resources */,
				0ADCD3C48F28E7C17C5A1569 /* [CP] Embed Pods Frameworks */,
				DF1392BF71B7059AE0B359CE /* [CP] Copy Pods Resources */,
				DEC8D7111F4BC55F000F87DE /* Embed Frameworks */,
			);
			buildRules = (
			);
			dependencies = (
				DEC8D7101F4BC55F000F87DE /* PBXTargetDependency */,
			);
			name = DairyAnalytics;
			productName = DairyAnalytics;
			productReference = DE10B5491F4387EE00986059 /* DairyAnalytics.app */;
			productType = "com.apple.product-type.application";
		};
		DE10B5611F4387EE00986059 /* DairyAnalyticsTests */ = {
			isa = PBXNativeTarget;
			buildConfigurationList = DE10B5791F4387EE00986059 /* Build configuration list for PBXNativeTarget "DairyAnalyticsTests" */;
			buildPhases = (
				F0DE61D3A80E7CD726FA51BA /* [CP] Check Pods Manifest.lock */,
				DE10B55E1F4387EE00986059 /* Sources */,
				DE10B55F1F4387EE00986059 /* Frameworks */,
				DE10B5601F4387EE00986059 /* Resources */,
				52EC7A4D950167A493071BDC /* [CP] Embed Pods Frameworks */,
				6A8D26F61150D7B2EB2E603D /* [CP] Copy Pods Resources */,
			);
			buildRules = (
			);
			dependencies = (
				DE10B5641F4387EE00986059 /* PBXTargetDependency */,
			);
			name = DairyAnalyticsTests;
			productName = DairyAnalyticsTests;
			productReference = DE10B5621F4387EE00986059 /* DairyAnalyticsTests.xctest */;
			productType = "com.apple.product-type.bundle.unit-test";
		};
		DE10B56C1F4387EE00986059 /* DairyAnalyticsUITests */ = {
			isa = PBXNativeTarget;
			buildConfigurationList = DE10B57C1F4387EE00986059 /* Build configuration list for PBXNativeTarget "DairyAnalyticsUITests" */;
			buildPhases = (
				C0E123F74F3D4D636A0DE88F /* [CP] Check Pods Manifest.lock */,
				DE10B5691F4387EE00986059 /* Sources */,
				DE10B56A1F4387EE00986059 /* Frameworks */,
				DE10B56B1F4387EE00986059 /* Resources */,
				5BDC1169F28CCACC6516BB37 /* [CP] Embed Pods Frameworks */,
				71E77D57672580B1E9ABE1F5 /* [CP] Copy Pods Resources */,
			);
			buildRules = (
			);
			dependencies = (
				DE10B56F1F4387EE00986059 /* PBXTargetDependency */,
			);
			name = DairyAnalyticsUITests;
			productName = DairyAnalyticsUITests;
			productReference = DE10B56D1F4387EE00986059 /* DairyAnalyticsUITests.xctest */;
			productType = "com.apple.product-type.bundle.ui-testing";
		};
/* End PBXNativeTarget section */

/* Begin PBXProject section */
		DE10B5411F4387EE00986059 /* Project object */ = {
			isa = PBXProject;
			attributes = {
				LastUpgradeCheck = 0830;
				ORGANIZATIONNAME = "Aswini Ramesh";
				TargetAttributes = {
					DE10B5481F4387EE00986059 = {
						CreatedOnToolsVersion = 8.3.3;
						ProvisioningStyle = Automatic;
					};
					DE10B5611F4387EE00986059 = {
						CreatedOnToolsVersion = 8.3.3;
						ProvisioningStyle = Automatic;
						TestTargetID = DE10B5481F4387EE00986059;
					};
					DE10B56C1F4387EE00986059 = {
						CreatedOnToolsVersion = 8.3.3;
						ProvisioningStyle = Automatic;
						TestTargetID = DE10B5481F4387EE00986059;
					};
				};
			};
			buildConfigurationList = DE10B5441F4387EE00986059 /* Build configuration list for PBXProject "DairyAnalytics" */;
			compatibilityVersion = "Xcode 3.2";
			developmentRegion = English;
			hasScannedForEncodings = 0;
			knownRegions = (
				en,
				Base,
			);
			mainGroup = DE10B5401F4387EE00986059;
			productRefGroup = DE10B54A1F4387EE00986059 /* Products */;
			projectDirPath = "";
			projectReferences = (
				{
					ProductGroup = DEC8D7041F4BC517000F87DE /* Products */;
					ProjectRef = DEC8D6FB1F4BC512000F87DE /* Charts.xcodeproj */;
				},
			);
			projectRoot = "";
			targets = (
				DE10B5481F4387EE00986059 /* DairyAnalytics */,
				DE10B5611F4387EE00986059 /* DairyAnalyticsTests */,
				DE10B56C1F4387EE00986059 /* DairyAnalyticsUITests */,
			);
		};
/* End PBXProject section */

/* Begin PBXReferenceProxy section */
		DEC8D7091F4BC517000F87DE /* Charts.framework */ = {
			isa = PBXReferenceProxy;
			fileType = wrapper.framework;
			path = Charts.framework;
			remoteRef = DEC8D7081F4BC517000F87DE /* PBXContainerItemProxy */;
			sourceTree = BUILT_PRODUCTS_DIR;
		};
		DEC8D70B1F4BC517000F87DE /* ChartsTests.xctest */ = {
			isa = PBXReferenceProxy;
			fileType = wrapper.cfbundle;
			path = ChartsTests.xctest;
			remoteRef = DEC8D70A1F4BC517000F87DE /* PBXContainerItemProxy */;
			sourceTree = BUILT_PRODUCTS_DIR;
		};
/* End PBXReferenceProxy section */

/* Begin PBXResourcesBuildPhase section */
		DE10B5471F4387EE00986059 /* Resources */ = {
			isa = PBXResourcesBuildPhase;
			buildActionMask = 2147483647;
			files = (
				DE10B55C1F4387EE00986059 /* LaunchScreen.storyboard in Resources */,
				DE10B5591F4387EE00986059 /* Assets.xcassets in Resources */,
				DEC8D71A1F4CD6D7000F87DE /* chart_line (1).png in Resources */,
				DE10B5571F4387EE00986059 /* Main.storyboard in Resources */,
			);
			runOnlyForDeploymentPostprocessing = 0;
		};
		DE10B5601F4387EE00986059 /* Resources */ = {
			isa = PBXResourcesBuildPhase;
			buildActionMask = 2147483647;
			files = (
			);
			runOnlyForDeploymentPostprocessing = 0;
		};
		DE10B56B1F4387EE00986059 /* Resources */ = {
			isa = PBXResourcesBuildPhase;
			buildActionMask = 2147483647;
			files = (
			);
			runOnlyForDeploymentPostprocessing = 0;
		};
/* End PBXResourcesBuildPhase section */

/* Begin PBXShellScriptBuildPhase section */
		0ADCD3C48F28E7C17C5A1569 /* [CP] Embed Pods Frameworks */ = {
			isa = PBXShellScriptBuildPhase;
			buildActionMask = 2147483647;
			files = (
			);
			inputPaths = (
			);
			name = "[CP] Embed Pods Frameworks";
			outputPaths = (
			);
			runOnlyForDeploymentPostprocessing = 0;
			shellPath = /bin/sh;
			shellScript = "\"${SRCROOT}/Pods/Target Support Files/Pods-DairyAnalytics/Pods-DairyAnalytics-frameworks.sh\"\n";
			showEnvVarsInLog = 0;
		};
		52EC7A4D950167A493071BDC /* [CP] Embed Pods Frameworks */ = {
			isa = PBXShellScriptBuildPhase;
			buildActionMask = 2147483647;
			files = (
			);
			inputPaths = (
			);
			name = "[CP] Embed Pods Frameworks";
			outputPaths = (
			);
			runOnlyForDeploymentPostprocessing = 0;
			shellPath = /bin/sh;
			shellScript = "\"${SRCROOT}/Pods/Target Support Files/Pods-DairyAnalyticsTests/Pods-DairyAnalyticsTests-frameworks.sh\"\n";
			showEnvVarsInLog = 0;
		};
		5BDC1169F28CCACC6516BB37 /* [CP] Embed Pods Frameworks */ = {
			isa = PBXShellScriptBuildPhase;
			buildActionMask = 2147483647;
			files = (
			);
			inputPaths = (
			);
			name = "[CP] Embed Pods Frameworks";
			outputPaths = (
			);
			runOnlyForDeploymentPostprocessing = 0;
			shellPath = /bin/sh;
			shellScript = "\"${SRCROOT}/Pods/Target Support Files/Pods-DairyAnalyticsUITests/Pods-DairyAnalyticsUITests-frameworks.sh\"\n";
			showEnvVarsInLog = 0;
		};
		6A8D26F61150D7B2EB2E603D /* [CP] Copy Pods Resources */ = {
			isa = PBXShellScriptBuildPhase;
			buildActionMask = 2147483647;
			files = (
			);
			inputPaths = (
			);
			name = "[CP] Copy Pods Resources";
			outputPaths = (
			);
			runOnlyForDeploymentPostprocessing = 0;
			shellPath = /bin/sh;
			shellScript = "\"${SRCROOT}/Pods/Target Support Files/Pods-DairyAnalyticsTests/Pods-DairyAnalyticsTests-resources.sh\"\n";
			showEnvVarsInLog = 0;
		};
		71E77D57672580B1E9ABE1F5 /* [CP] Copy Pods Resources */ = {
			isa = PBXShellScriptBuildPhase;
			buildActionMask = 2147483647;
			files = (
			);
			inputPaths = (
			);
			name = "[CP] Copy Pods Resources";
			outputPaths = (
			);
			runOnlyForDeploymentPostprocessing = 0;
			shellPath = /bin/sh;
			shellScript = "\"${SRCROOT}/Pods/Target Support Files/Pods-DairyAnalyticsUITests/Pods-DairyAnalyticsUITests-resources.sh\"\n";
			showEnvVarsInLog = 0;
		};
		748CA84D4F2C4E33DDD5A3A2 /* [CP] Check Pods Manifest.lock */ = {
			isa = PBXShellScriptBuildPhase;
			buildActionMask = 2147483647;
			files = (
			);
			inputPaths = (
				"${PODS_PODFILE_DIR_PATH}/Podfile.lock",
				"${PODS_ROOT}/Manifest.lock",
			);
			name = "[CP] Check Pods Manifest.lock";
			outputPaths = (
				"$(DERIVED_FILE_DIR)/Pods-DairyAnalytics-checkManifestLockResult.txt",
			);
			runOnlyForDeploymentPostprocessing = 0;
			shellPath = /bin/sh;
			shellScript = "diff \"${PODS_PODFILE_DIR_PATH}/Podfile.lock\" \"${PODS_ROOT}/Manifest.lock\" > /dev/null\nif [ $? != 0 ] ; then\n    # print error to STDERR\n    echo \"error: The sandbox is not in sync with the Podfile.lock. Run 'pod install' or update your CocoaPods installation.\" >&2\n    exit 1\nfi\n# This output is used by Xcode 'outputs' to avoid re-running this script phase.\necho \"SUCCESS\" > \"${SCRIPT_OUTPUT_FILE_0}\"\n";
			showEnvVarsInLog = 0;
		};
		C0E123F74F3D4D636A0DE88F /* [CP] Check Pods Manifest.lock */ = {
			isa = PBXShellScriptBuildPhase;
			buildActionMask = 2147483647;
			files = (
			);
			inputPaths = (
				"${PODS_PODFILE_DIR_PATH}/Podfile.lock",
				"${PODS_ROOT}/Manifest.lock",
			);
			name = "[CP] Check Pods Manifest.lock";
			outputPaths = (
				"$(DERIVED_FILE_DIR)/Pods-DairyAnalyticsUITests-checkManifestLockResult.txt",
			);
			runOnlyForDeploymentPostprocessing = 0;
			shellPath = /bin/sh;
			shellScript = "diff \"${PODS_PODFILE_DIR_PATH}/Podfile.lock\" \"${PODS_ROOT}/Manifest.lock\" > /dev/null\nif [ $? != 0 ] ; then\n    # print error to STDERR\n    echo \"error: The sandbox is not in sync with the Podfile.lock. Run 'pod install' or update your CocoaPods installation.\" >&2\n    exit 1\nfi\n# This output is used by Xcode 'outputs' to avoid re-running this script phase.\necho \"SUCCESS\" > \"${SCRIPT_OUTPUT_FILE_0}\"\n";
			showEnvVarsInLog = 0;
		};
		DF1392BF71B7059AE0B359CE /* [CP] Copy Pods Resources */ = {
			isa = PBXShellScriptBuildPhase;
			buildActionMask = 2147483647;
			files = (
			);
			inputPaths = (
			);
			name = "[CP] Copy Pods Resources";
			outputPaths = (
			);
			runOnlyForDeploymentPostprocessing = 0;
			shellPath = /bin/sh;
			shellScript = "\"${SRCROOT}/Pods/Target Support Files/Pods-DairyAnalytics/Pods-DairyAnalytics-resources.sh\"\n";
			showEnvVarsInLog = 0;
		};
		F0DE61D3A80E7CD726FA51BA /* [CP] Check Pods Manifest.lock */ = {
			isa = PBXShellScriptBuildPhase;
			buildActionMask = 2147483647;
			files = (
			);
			inputPaths = (
				"${PODS_PODFILE_DIR_PATH}/Podfile.lock",
				"${PODS_ROOT}/Manifest.lock",
			);
			name = "[CP] Check Pods Manifest.lock";
			outputPaths = (
				"$(DERIVED_FILE_DIR)/Pods-DairyAnalyticsTests-checkManifestLockResult.txt",
			);
			runOnlyForDeploymentPostprocessing = 0;
			shellPath = /bin/sh;
			shellScript = "diff \"${PODS_PODFILE_DIR_PATH}/Podfile.lock\" \"${PODS_ROOT}/Manifest.lock\" > /dev/null\nif [ $? != 0 ] ; then\n    # print error to STDERR\n    echo \"error: The sandbox is not in sync with the Podfile.lock. Run 'pod install' or update your CocoaPods installation.\" >&2\n    exit 1\nfi\n# This output is used by Xcode 'outputs' to avoid re-running this script phase.\necho \"SUCCESS\" > \"${SCRIPT_OUTPUT_FILE_0}\"\n";
			showEnvVarsInLog = 0;
		};
/* End PBXShellScriptBuildPhase section */

/* Begin PBXSourcesBuildPhase section */
		DE10B5451F4387EE00986059 /* Sources */ = {
			isa = PBXSourcesBuildPhase;
			buildActionMask = 2147483647;
			files = (
				DEEF092A1F438F7200019B44 /* SensorWebServices.m in Sources */,
				DE10B5541F4387EE00986059 /* ViewController.m in Sources */,
				DEEF09261F438E8600019B44 /* sensorDataModel.m in Sources */,
				DE10B5511F4387EE00986059 /* AppDelegate.m in Sources */,
				DE10B54E1F4387EE00986059 /* main.m in Sources */,
				DEC8D7141F4BC5D2000F87DE /* SensorBarChartViewController.m in Sources */,
			);
			runOnlyForDeploymentPostprocessing = 0;
		};
		DE10B55E1F4387EE00986059 /* Sources */ = {
			isa = PBXSourcesBuildPhase;
			buildActionMask = 2147483647;
			files = (
				DE10B5671F4387EE00986059 /* DairyAnalyticsTests.m in Sources */,
			);
			runOnlyForDeploymentPostprocessing = 0;
		};
		DE10B5691F4387EE00986059 /* Sources */ = {
			isa = PBXSourcesBuildPhase;
			buildActionMask = 2147483647;
			files = (
				DE10B5721F4387EE00986059 /* DairyAnalyticsUITests.m in Sources */,
			);
			runOnlyForDeploymentPostprocessing = 0;
		};
/* End PBXSourcesBuildPhase section */

/* Begin PBXTargetDependency section */
		DE10B5641F4387EE00986059 /* PBXTargetDependency */ = {
			isa = PBXTargetDependency;
			target = DE10B5481F4387EE00986059 /* DairyAnalytics */;
			targetProxy = DE10B5631F4387EE00986059 /* PBXContainerItemProxy */;
		};
		DE10B56F1F4387EE00986059 /* PBXTargetDependency */ = {
			isa = PBXTargetDependency;
			target = DE10B5481F4387EE00986059 /* DairyAnalytics */;
			targetProxy = DE10B56E1F4387EE00986059 /* PBXContainerItemProxy */;
		};
		DEC8D7101F4BC55F000F87DE /* PBXTargetDependency */ = {
			isa = PBXTargetDependency;
			name = Charts;
			targetProxy = DEC8D70F1F4BC55F000F87DE /* PBXContainerItemProxy */;
		};
/* End PBXTargetDependency section */

/* Begin PBXVariantGroup section */
		DE10B5551F4387EE00986059 /* Main.storyboard */ = {
			isa = PBXVariantGroup;
			children = (
				DE10B5561F4387EE00986059 /* Base */,
			);
			name = Main.storyboard;
			sourceTree = "<group>";
		};
		DE10B55A1F4387EE00986059 /* LaunchScreen.storyboard */ = {
			isa = PBXVariantGroup;
			children = (
				DE10B55B1F4387EE00986059 /* Base */,
			);
			name = LaunchScreen.storyboard;
			sourceTree = "<group>";
		};
/* End PBXVariantGroup section */

/* Begin XCBuildConfiguration section */
		DE10B5741F4387EE00986059 /* Debug */ = {
			isa = XCBuildConfiguration;
			buildSettings = {
				ALWAYS_SEARCH_USER_PATHS = NO;
				CLANG_ANALYZER_NONNULL = YES;
				CLANG_ANALYZER_NUMBER_OBJECT_CONVERSION = YES_AGGRESSIVE;
				CLANG_CXX_LANGUAGE_STANDARD = "gnu++0x";
				CLANG_CXX_LIBRARY = "libc++";
				CLANG_ENABLE_MODULES = YES;
				CLANG_ENABLE_OBJC_ARC = YES;
				CLANG_WARN_BOOL_CONVERSION = YES;
				CLANG_WARN_CONSTANT_CONVERSION = YES;
				CLANG_WARN_DIRECT_OBJC_ISA_USAGE = YES_ERROR;
				CLANG_WARN_DOCUMENTATION_COMMENTS = YES;
				CLANG_WARN_EMPTY_BODY = YES;
				CLANG_WARN_ENUM_CONVERSION = YES;
				CLANG_WARN_INFINITE_RECURSION = YES;
				CLANG_WARN_INT_CONVERSION = YES;
				CLANG_WARN_OBJC_ROOT_CLASS = YES_ERROR;
				CLANG_WARN_SUSPICIOUS_MOVE = YES;
				CLANG_WARN_UNREACHABLE_CODE = YES;
				CLANG_WARN__DUPLICATE_METHOD_MATCH = YES;
				"CODE_SIGN_IDENTITY[sdk=iphoneos*]" = "iPhone Developer";
				COPY_PHASE_STRIP = NO;
				DEBUG_INFORMATION_FORMAT = dwarf;
				ENABLE_STRICT_OBJC_MSGSEND = YES;
				ENABLE_TESTABILITY = YES;
				GCC_C_LANGUAGE_STANDARD = gnu99;
				GCC_DYNAMIC_NO_PIC = NO;
				GCC_NO_COMMON_BLOCKS = YES;
				GCC_OPTIMIZATION_LEVEL = 0;
				GCC_PREPROCESSOR_DEFINITIONS = (
					"DEBUG=1",
					"$(inherited)",
				);
				GCC_WARN_64_TO_32_BIT_CONVERSION = YES;
				GCC_WARN_ABOUT_RETURN_TYPE = YES_ERROR;
				GCC_WARN_UNDECLARED_SELECTOR = YES;
				GCC_WARN_UNINITIALIZED_AUTOS = YES_AGGRESSIVE;
				GCC_WARN_UNUSED_FUNCTION = YES;
				GCC_WARN_UNUSED_VARIABLE = YES;
				IPHONEOS_DEPLOYMENT_TARGET = 10.3;
				MTL_ENABLE_DEBUG_INFO = YES;
				ONLY_ACTIVE_ARCH = YES;
				SDKROOT = iphoneos;
			};
			name = Debug;
		};
		DE10B5751F4387EE00986059 /* Release */ = {
			isa = XCBuildConfiguration;
			buildSettings = {
				ALWAYS_SEARCH_USER_PATHS = NO;
				CLANG_ANALYZER_NONNULL = YES;
				CLANG_ANALYZER_NUMBER_OBJECT_CONVERSION = YES_AGGRESSIVE;
				CLANG_CXX_LANGUAGE_STANDARD = "gnu++0x";
				CLANG_CXX_LIBRARY = "libc++";
				CLANG_ENABLE_MODULES = YES;
				CLANG_ENABLE_OBJC_ARC = YES;
				CLANG_WARN_BOOL_CONVERSION = YES;
				CLANG_WARN_CONSTANT_CONVERSION = YES;
				CLANG_WARN_DIRECT_OBJC_ISA_USAGE = YES_ERROR;
				CLANG_WARN_DOCUMENTATION_COMMENTS = YES;
				CLANG_WARN_EMPTY_BODY = YES;
				CLANG_WARN_ENUM_CONVERSION = YES;
				CLANG_WARN_INFINITE_RECURSION = YES;
				CLANG_WARN_INT_CONVERSION = YES;
				CLANG_WARN_OBJC_ROOT_CLASS = YES_ERROR;
				CLANG_WARN_SUSPICIOUS_MOVE = YES;
				CLANG_WARN_UNREACHABLE_CODE = YES;
				CLANG_WARN__DUPLICATE_METHOD_MATCH = YES;
				"CODE_SIGN_IDENTITY[sdk=iphoneos*]" = "iPhone Developer";
				COPY_PHASE_STRIP = NO;
				DEBUG_INFORMATION_FORMAT = "dwarf-with-dsym";
				ENABLE_NS_ASSERTIONS = NO;
				ENABLE_STRICT_OBJC_MSGSEND = YES;
				GCC_C_LANGUAGE_STANDARD = gnu99;
				GCC_NO_COMMON_BLOCKS = YES;
				GCC_WARN_64_TO_32_BIT_CONVERSION = YES;
				GCC_WARN_ABOUT_RETURN_TYPE = YES_ERROR;
				GCC_WARN_UNDECLARED_SELECTOR = YES;
				GCC_WARN_UNINITIALIZED_AUTOS = YES_AGGRESSIVE;
				GCC_WARN_UNUSED_FUNCTION = YES;
				GCC_WARN_UNUSED_VARIABLE = YES;
				IPHONEOS_DEPLOYMENT_TARGET = 10.3;
				MTL_ENABLE_DEBUG_INFO = NO;
				SDKROOT = iphoneos;
				VALIDATE_PRODUCT = YES;
			};
			name = Release;
		};
		DE10B5771F4387EE00986059 /* Debug */ = {
			isa = XCBuildConfiguration;
			baseConfigurationReference = F555DAE8548BE70C941D3C84 /* Pods-DairyAnalytics.debug.xcconfig */;
			buildSettings = {
				ALWAYS_EMBED_SWIFT_STANDARD_LIBRARIES = YES;
				ASSETCATALOG_COMPILER_APPICON_NAME = AppIcon;
				INFOPLIST_FILE = DairyAnalytics/Info.plist;
				LD_RUNPATH_SEARCH_PATHS = "$(inherited) @executable_path/Frameworks";
				PRODUCT_BUNDLE_IDENTIFIER = HanuInnoTech.DairyAnalytics;
				PRODUCT_NAME = "$(TARGET_NAME)";
			};
			name = Debug;
		};
		DE10B5781F4387EE00986059 /* Release */ = {
			isa = XCBuildConfiguration;
			baseConfigurationReference = 3F8293B34CFFAA5F8A4EB36D /* Pods-DairyAnalytics.release.xcconfig */;
			buildSettings = {
				ALWAYS_EMBED_SWIFT_STANDARD_LIBRARIES = YES;
				ASSETCATALOG_COMPILER_APPICON_NAME = AppIcon;
				INFOPLIST_FILE = DairyAnalytics/Info.plist;
				LD_RUNPATH_SEARCH_PATHS = "$(inherited) @executable_path/Frameworks";
				PRODUCT_BUNDLE_IDENTIFIER = HanuInnoTech.DairyAnalytics;
				PRODUCT_NAME = "$(TARGET_NAME)";
			};
			name = Release;
		};
		DE10B57A1F4387EE00986059 /* Debug */ = {
			isa = XCBuildConfiguration;
			baseConfigurationReference = FF9B79B4974C0723A7747CDF /* Pods-DairyAnalyticsTests.debug.xcconfig */;
			buildSettings = {
				BUNDLE_LOADER = "$(TEST_HOST)";
				INFOPLIST_FILE = DairyAnalyticsTests/Info.plist;
				LD_RUNPATH_SEARCH_PATHS = "$(inherited) @executable_path/Frameworks @loader_path/Frameworks";
				PRODUCT_BUNDLE_IDENTIFIER = HanuInnoTech.DairyAnalyticsTests;
				PRODUCT_NAME = "$(TARGET_NAME)";
				TEST_HOST = "$(BUILT_PRODUCTS_DIR)/DairyAnalytics.app/DairyAnalytics";
			};
			name = Debug;
		};
		DE10B57B1F4387EE00986059 /* Release */ = {
			isa = XCBuildConfiguration;
			baseConfigurationReference = ACF3FE59A26755F67449E9A2 /* Pods-DairyAnalyticsTests.release.xcconfig */;
			buildSettings = {
				BUNDLE_LOADER = "$(TEST_HOST)";
				INFOPLIST_FILE = DairyAnalyticsTests/Info.plist;
				LD_RUNPATH_SEARCH_PATHS = "$(inherited) @executable_path/Frameworks @loader_path/Frameworks";
				PRODUCT_BUNDLE_IDENTIFIER = HanuInnoTech.DairyAnalyticsTests;
				PRODUCT_NAME = "$(TARGET_NAME)";
				TEST_HOST = "$(BUILT_PRODUCTS_DIR)/DairyAnalytics.app/DairyAnalytics";
			};
			name = Release;
		};
		DE10B57D1F4387EE00986059 /* Debug */ = {
			isa = XCBuildConfiguration;
			baseConfigurationReference = EFB867540C9CBFB212DD295A /* Pods-DairyAnalyticsUITests.debug.xcconfig */;
			buildSettings = {
				INFOPLIST_FILE = DairyAnalyticsUITests/Info.plist;
				LD_RUNPATH_SEARCH_PATHS = "$(inherited) @executable_path/Frameworks @loader_path/Frameworks";
				PRODUCT_BUNDLE_IDENTIFIER = HanuInnoTech.DairyAnalyticsUITests;
				PRODUCT_NAME = "$(TARGET_NAME)";
				TEST_TARGET_NAME = DairyAnalytics;
			};
			name = Debug;
		};
		DE10B57E1F4387EE00986059 /* Release */ = {
			isa = XCBuildConfiguration;
			baseConfigurationReference = 56C123C3AFC9CFA0BEDDFBF7 /* Pods-DairyAnalyticsUITests.release.xcconfig */;
			buildSettings = {
				INFOPLIST_FILE = DairyAnalyticsUITests/Info.plist;
				LD_RUNPATH_SEARCH_PATHS = "$(inherited) @executable_path/Frameworks @loader_path/Frameworks";
				PRODUCT_BUNDLE_IDENTIFIER = HanuInnoTech.DairyAnalyticsUITests;
				PRODUCT_NAME = "$(TARGET_NAME)";
				TEST_TARGET_NAME = DairyAnalytics;
			};
			name = Release;
		};
/* End XCBuildConfiguration section */

/* Begin XCConfigurationList section */
		DE10B5441F4387EE00986059 /* Build configuration list for PBXProject "DairyAnalytics" */ = {
			isa = XCConfigurationList;
			buildConfigurations = (
				DE10B5741F4387EE00986059 /* Debug */,
				DE10B5751F4387EE00986059 /* Release */,
			);
			defaultConfigurationIsVisible = 0;
			defaultConfigurationName = Release;
		};
		DE10B5761F4387EE00986059 /* Build configuration list for PBXNativeTarget "DairyAnalytics" */ = {
			isa = XCConfigurationList;
			buildConfigurations = (
				DE10B5771F4387EE00986059 /* Debug */,
				DE10B5781F4387EE00986059 /* Release */,
			);
			defaultConfigurationIsVisible = 0;
			defaultConfigurationName = Release;
		};
		DE10B5791F4387EE00986059 /* Build configuration list for PBXNativeTarget "DairyAnalyticsTests" */ = {
			isa = XCConfigurationList;
			buildConfigurations = (
				DE10B57A1F4387EE00986059 /* Debug */,
				DE10B57B1F4387EE00986059 /* Release */,
			);
			defaultConfigurationIsVisible = 0;
			defaultConfigurationName = Release;
		};
		DE10B57C1F4387EE00986059 /* Build configuration list for PBXNativeTarget "DairyAnalyticsUITests" */ = {
			isa = XCConfigurationList;
			buildConfigurations = (
				DE10B57D1F4387EE00986059 /* Debug */,
				DE10B57E1F4387EE00986059 /* Release */,
			);
			defaultConfigurationIsVisible = 0;
			defaultConfigurationName = Release;
		};
/* End XCConfigurationList section */
	};
	rootObject = DE10B5411F4387EE00986059 /* Project object */;
}
